
Microsoft Visual Studio Solution File, Format Version 12.00
# Visual Studio Version 16
VisualStudioVersion = 16.0.32802.440
MinimumVisualStudioVersion = 10.0.40219.1
Project("{FAE04EC0-301F-11D3-BF4B-00C04F79EFBC}") = "rfid1128.Android", "rfid1128\rfid1128.Android\rfid1128.Android.csproj", "{0E3A67D9-700F-4449-A161-4A3DCDA14D9E}"
EndProject
Project("{FAE04EC0-301F-11D3-BF4B-00C04F79EFBC}") = "rfid1128", "rfid1128\rfid1128\rfid1128.csproj", "{00B41E4D-6483-458F-993C-A64817F92BF4}"
EndProject
Global
	GlobalSection(SolutionConfigurationPlatforms) = preSolution
		Debug|Any CPU = Debug|Any CPU
		Release|Any CPU = Release|Any CPU
	EndGlobalSection
	GlobalSection(ProjectConfigurationPlatforms) = postSolution
		{0E3A67D9-700F-4449-A161-4A3DCDA14D9E}.Debug|Any CPU.ActiveCfg = Debug|Any CPU
		{0E3A67D9-700F-4449-A161-4A3DCDA14D9E}.Debug|Any CPU.Build.0 = Debug|Any CPU
		{0E3A67D9-700F-4449-A161-4A3DCDA14D9E}.Debug|Any CPU.Deploy.0 = Debug|Any CPU
		{0E3A67D9-700F-4449-A161-4A3DCDA14D9E}.Release|Any CPU.ActiveCfg = Release|Any CPU
		{0E3A67D9-700F-4449-A161-4A3DCDA14D9E}.Release|Any CPU.Build.0 = Release|Any CPU
		{0E3A67D9-700F-4449-A161-4A3DCDA14D9E}.Release|Any CPU.Deploy.0 = Release|Any CPU
		{00B41E4D-6483-458F-993C-A64817F92BF4}.Debug|Any CPU.ActiveCfg = Debug|Any CPU
		{00B41E4D-6483-458F-993C-A64817F92BF4}.Debug|Any CPU.Build.0 = Debug|Any CPU
		{00B41E4D-6483-458F-993C-A64817F92BF4}.Debug|Any CPU.Deploy.0 = Debug|Any CPU
		{00B41E4D-6483-458F-993C-A64817F92BF4}.Release|Any CPU.ActiveCfg = Release|Any CPU
		{00B41E4D-6483-458F-993C-A64817F92BF4}.Release|Any CPU.Build.0 = Release|Any CPU
		{00B41E4D-6483-458F-993C-A64817F92BF4}.Release|Any CPU.Deploy.0 = Release|Any CPU
	EndGlobalSection
	GlobalSection(SolutionProperties) = preSolution
		HideSolutionNode = FALSE
	EndGlobalSection
	GlobalSection(ExtensibilityGlobals) = postSolution
		SolutionGuid = {F9D67230-2461-4C3C-9561-457F5671188F}
	EndGlobalSection
EndGlobal
